{
  "name": "VerticalOverlay",
  "lockfileVersion": 2,
  "requires": true,
  "packages": {
    "": {
      "dependencies": {
        "jquery.min.js": "^3.5.1"
      }
    },
    "node_modules/jquery.min.js": {
      "version": "3.5.1",
      "resolved": "https://registry.npmjs.org/jquery.min.js/-/jquery.min.js-3.5.1.tgz",
      "integrity": "sha512-bs5wJF6/E7gVsfUUsexwaLgfQiC3ENVvagXEbycftHbBuyZYL7vkZDamJIJg5GuRnjHx0hfVOUKO+kur+sUjlA=="
    }
  },
  "dependencies": {
    "jquery.min.js": {
      "version": "3.5.1",
      "resolved": "https://registry.npmjs.org/jquery.min.js/-/jquery.min.js-3.5.1.tgz",
      "integrity": "sha512-bs5wJF6/E7gVsfUUsexwaLgfQiC3ENVvagXEbycftHbBuyZYL7vkZDamJIJg5GuRnjHx0hfVOUKO+kur+sUjlA=="
    }
  }
}
